// !$*UTF8*$!
{
	archiveVersion = 1;
	classes = {
	};
	objectVersion = 46;
	objects = {

/* Begin PBXBuildFile section */
		013F57EA1E9D51A900AA9CA4 /* User.swift in Sources */ = {isa = PBXBuildFile; fileRef = 013F57E91E9D51A900AA9CA4 /* User.swift */; };
		013F57EC1E9D51DB00AA9CA4 /* CloudKitManager.swift in Sources */ = {isa = PBXBuildFile; fileRef = 013F57EB1E9D51DB00AA9CA4 /* CloudKitManager.swift */; };
		28BA3B7FC383D19FB8F72BB6 /* Pods_12AM.framework in Frameworks */ = {isa = PBXBuildFile; fileRef = 3D0B5C1D4A98B9C373BB85AA /* Pods_12AM.framework */; };
		7348C6C61E9B2D2400D54ABB /* Bolts.framework in Frameworks */ = {isa = PBXBuildFile; fileRef = 7348C6C21E9B2D2400D54ABB /* Bolts.framework */; };
		7348C6C71E9B2D2400D54ABB /* FBSDKCoreKit.framework in Frameworks */ = {isa = PBXBuildFile; fileRef = 7348C6C31E9B2D2400D54ABB /* FBSDKCoreKit.framework */; };
		7348C6C81E9B2D2400D54ABB /* FBSDKLoginKit.framework in Frameworks */ = {isa = PBXBuildFile; fileRef = 7348C6C41E9B2D2400D54ABB /* FBSDKLoginKit.framework */; };
		7348C6C91E9B2D2400D54ABB /* FBSDKShareKit.framework in Frameworks */ = {isa = PBXBuildFile; fileRef = 7348C6C51E9B2D2400D54ABB /* FBSDKShareKit.framework */; };
		7348C6CB1E9B4B6600D54ABB /* Default-568h@2x.png in Resources */ = {isa = PBXBuildFile; fileRef = 7348C6CA1E9B4B6600D54ABB /* Default-568h@2x.png */; };
		737E79481E9B180200172355 /* AppDelegate.swift in Sources */ = {isa = PBXBuildFile; fileRef = 737E79471E9B180200172355 /* AppDelegate.swift */; };
		737E794D1E9B180200172355 /* Main.storyboard in Resources */ = {isa = PBXBuildFile; fileRef = 737E794B1E9B180200172355 /* Main.storyboard */; };
		737E794F1E9B180200172355 /* Assets.xcassets in Resources */ = {isa = PBXBuildFile; fileRef = 737E794E1E9B180200172355 /* Assets.xcassets */; };
		737E79521E9B180200172355 /* LaunchScreen.storyboard in Resources */ = {isa = PBXBuildFile; fileRef = 737E79501E9B180200172355 /* LaunchScreen.storyboard */; };
		738E78FF1E9D2D630072CE95 /* Post.swift in Sources */ = {isa = PBXBuildFile; fileRef = 738E78FE1E9D2D630072CE95 /* Post.swift */; };
		738E79011E9D30220072CE95 /* Comment.swift in Sources */ = {isa = PBXBuildFile; fileRef = 738E79001E9D30220072CE95 /* Comment.swift */; };
		738E79041E9D471C0072CE95 /* CloudKitSyncable.swift in Sources */ = {isa = PBXBuildFile; fileRef = 738E79031E9D471C0072CE95 /* CloudKitSyncable.swift */; };
		73E901B41E9B55C500EA7E0A /* LoginViewController.swift in Sources */ = {isa = PBXBuildFile; fileRef = 73E901B31E9B55C500EA7E0A /* LoginViewController.swift */; };
		73E901B61E9B5BA600EA7E0A /* MockViewController.swift in Sources */ = {isa = PBXBuildFile; fileRef = 73E901B51E9B5BA600EA7E0A /* MockViewController.swift */; };
		C893C4701E9C274400185BB9 /* Login.storyboard in Resources */ = {isa = PBXBuildFile; fileRef = C893C46F1E9C274400185BB9 /* Login.storyboard */; };
		C893C4721E9C277100185BB9 /* Feed.storyboard in Resources */ = {isa = PBXBuildFile; fileRef = C893C4711E9C277100185BB9 /* Feed.storyboard */; };
		C893C4741E9C27E800185BB9 /* Camera.storyboard in Resources */ = {isa = PBXBuildFile; fileRef = C893C4731E9C27E800185BB9 /* Camera.storyboard */; };
		C893C47C1E9C40D700185BB9 /* FeedTableViewController.swift in Sources */ = {isa = PBXBuildFile; fileRef = C893C47B1E9C40D700185BB9 /* FeedTableViewController.swift */; };
		C893C47E1E9C41B400185BB9 /* CameraViewController.swift in Sources */ = {isa = PBXBuildFile; fileRef = C893C47D1E9C41B400185BB9 /* CameraViewController.swift */; };
		C893C4801E9C423B00185BB9 /* PostDetailFromCameraViewController.swift in Sources */ = {isa = PBXBuildFile; fileRef = C893C47F1E9C423B00185BB9 /* PostDetailFromCameraViewController.swift */; };
		C893C4821E9C42FE00185BB9 /* PostDetailFromFeedViewController.swift in Sources */ = {isa = PBXBuildFile; fileRef = C893C4811E9C42FE00185BB9 /* PostDetailFromFeedViewController.swift */; };
		C893C4861E9D3A5000185BB9 /* PostTableViewCell.swift in Sources */ = {isa = PBXBuildFile; fileRef = C893C4851E9D3A5000185BB9 /* PostTableViewCell.swift */; };
/* End PBXBuildFile section */

/* Begin PBXFileReference section */
		013F57E91E9D51A900AA9CA4 /* User.swift */ = {isa = PBXFileReference; fileEncoding = 4; lastKnownFileType = sourcecode.swift; path = User.swift; sourceTree = "<group>"; };
		013F57EB1E9D51DB00AA9CA4 /* CloudKitManager.swift */ = {isa = PBXFileReference; fileEncoding = 4; lastKnownFileType = sourcecode.swift; path = CloudKitManager.swift; sourceTree = "<group>"; };
		3D0B5C1D4A98B9C373BB85AA /* Pods_12AM.framework */ = {isa = PBXFileReference; explicitFileType = wrapper.framework; includeInIndex = 0; path = Pods_12AM.framework; sourceTree = BUILT_PRODUCTS_DIR; };
		3D5FC89D0967B4E10736ED7F /* Pods-12AM.debug.xcconfig */ = {isa = PBXFileReference; includeInIndex = 1; lastKnownFileType = text.xcconfig; name = "Pods-12AM.debug.xcconfig"; path = "Pods/Target Support Files/Pods-12AM/Pods-12AM.debug.xcconfig"; sourceTree = "<group>"; };
		7348C6C21E9B2D2400D54ABB /* Bolts.framework */ = {isa = PBXFileReference; lastKnownFileType = wrapper.framework; name = Bolts.framework; path = "FacebookSDKs-iOS-4.21.0/Bolts.framework"; sourceTree = "<group>"; };
		7348C6C31E9B2D2400D54ABB /* FBSDKCoreKit.framework */ = {isa = PBXFileReference; lastKnownFileType = wrapper.framework; name = FBSDKCoreKit.framework; path = "FacebookSDKs-iOS-4.21.0/FBSDKCoreKit.framework"; sourceTree = "<group>"; };
		7348C6C41E9B2D2400D54ABB /* FBSDKLoginKit.framework */ = {isa = PBXFileReference; lastKnownFileType = wrapper.framework; name = FBSDKLoginKit.framework; path = "FacebookSDKs-iOS-4.21.0/FBSDKLoginKit.framework"; sourceTree = "<group>"; };
		7348C6C51E9B2D2400D54ABB /* FBSDKShareKit.framework */ = {isa = PBXFileReference; lastKnownFileType = wrapper.framework; name = FBSDKShareKit.framework; path = "FacebookSDKs-iOS-4.21.0/FBSDKShareKit.framework"; sourceTree = "<group>"; };
		7348C6CA1E9B4B6600D54ABB /* Default-568h@2x.png */ = {isa = PBXFileReference; lastKnownFileType = image.png; name = "Default-568h@2x.png"; path = "../Default-568h@2x.png"; sourceTree = "<group>"; };
		737E79441E9B180200172355 /* 12AM.app */ = {isa = PBXFileReference; explicitFileType = wrapper.application; includeInIndex = 0; path = 12AM.app; sourceTree = BUILT_PRODUCTS_DIR; };
		737E79471E9B180200172355 /* AppDelegate.swift */ = {isa = PBXFileReference; lastKnownFileType = sourcecode.swift; path = AppDelegate.swift; sourceTree = "<group>"; };
		737E794C1E9B180200172355 /* Base */ = {isa = PBXFileReference; lastKnownFileType = file.storyboard; name = Base; path = Base.lproj/Main.storyboard; sourceTree = "<group>"; };
		737E794E1E9B180200172355 /* Assets.xcassets */ = {isa = PBXFileReference; lastKnownFileType = folder.assetcatalog; path = Assets.xcassets; sourceTree = "<group>"; };
		737E79511E9B180200172355 /* Base */ = {isa = PBXFileReference; lastKnownFileType = file.storyboard; name = Base; path = Base.lproj/LaunchScreen.storyboard; sourceTree = "<group>"; };
		737E79531E9B180200172355 /* Info.plist */ = {isa = PBXFileReference; lastKnownFileType = text.plist.xml; path = Info.plist; sourceTree = "<group>"; };
		738E78FE1E9D2D630072CE95 /* Post.swift */ = {isa = PBXFileReference; fileEncoding = 4; lastKnownFileType = sourcecode.swift; path = Post.swift; sourceTree = "<group>"; };
		738E79001E9D30220072CE95 /* Comment.swift */ = {isa = PBXFileReference; fileEncoding = 4; lastKnownFileType = sourcecode.swift; path = Comment.swift; sourceTree = "<group>"; };
		738E79031E9D471C0072CE95 /* CloudKitSyncable.swift */ = {isa = PBXFileReference; fileEncoding = 4; lastKnownFileType = sourcecode.swift; path = CloudKitSyncable.swift; sourceTree = "<group>"; };
		73E901B31E9B55C500EA7E0A /* LoginViewController.swift */ = {isa = PBXFileReference; fileEncoding = 4; lastKnownFileType = sourcecode.swift; name = LoginViewController.swift; path = ../LoginViewController.swift; sourceTree = "<group>"; };
		73E901B51E9B5BA600EA7E0A /* MockViewController.swift */ = {isa = PBXFileReference; fileEncoding = 4; lastKnownFileType = sourcecode.swift; path = MockViewController.swift; sourceTree = "<group>"; };
		91455D1C35EE249F4F19FF5E /* Pods-12AM.release.xcconfig */ = {isa = PBXFileReference; includeInIndex = 1; lastKnownFileType = text.xcconfig; name = "Pods-12AM.release.xcconfig"; path = "Pods/Target Support Files/Pods-12AM/Pods-12AM.release.xcconfig"; sourceTree = "<group>"; };
		C893C46F1E9C274400185BB9 /* Login.storyboard */ = {isa = PBXFileReference; fileEncoding = 4; lastKnownFileType = file.storyboard; name = Login.storyboard; path = ../Login.storyboard; sourceTree = "<group>"; };
		C893C4711E9C277100185BB9 /* Feed.storyboard */ = {isa = PBXFileReference; fileEncoding = 4; lastKnownFileType = file.storyboard; path = Feed.storyboard; sourceTree = "<group>"; };
		C893C4731E9C27E800185BB9 /* Camera.storyboard */ = {isa = PBXFileReference; fileEncoding = 4; lastKnownFileType = file.storyboard; path = Camera.storyboard; sourceTree = "<group>"; };
		C893C47B1E9C40D700185BB9 /* FeedTableViewController.swift */ = {isa = PBXFileReference; fileEncoding = 4; lastKnownFileType = sourcecode.swift; path = FeedTableViewController.swift; sourceTree = "<group>"; };
		C893C47D1E9C41B400185BB9 /* CameraViewController.swift */ = {isa = PBXFileReference; fileEncoding = 4; lastKnownFileType = sourcecode.swift; path = CameraViewController.swift; sourceTree = "<group>"; };
		C893C47F1E9C423B00185BB9 /* PostDetailFromCameraViewController.swift */ = {isa = PBXFileReference; fileEncoding = 4; lastKnownFileType = sourcecode.swift; path = PostDetailFromCameraViewController.swift; sourceTree = "<group>"; };
		C893C4811E9C42FE00185BB9 /* PostDetailFromFeedViewController.swift */ = {isa = PBXFileReference; fileEncoding = 4; lastKnownFileType = sourcecode.swift; path = PostDetailFromFeedViewController.swift; sourceTree = "<group>"; };
		C893C4851E9D3A5000185BB9 /* PostTableViewCell.swift */ = {isa = PBXFileReference; fileEncoding = 4; lastKnownFileType = sourcecode.swift; name = PostTableViewCell.swift; path = ../PostTableViewCell.swift; sourceTree = "<group>"; };
/* End PBXFileReference section */

/* Begin PBXFrameworksBuildPhase section */
		737E79411E9B180200172355 /* Frameworks */ = {
			isa = PBXFrameworksBuildPhase;
			buildActionMask = 2147483647;
			files = (
				28BA3B7FC383D19FB8F72BB6 /* Pods_12AM.framework in Frameworks */,
				7348C6C71E9B2D2400D54ABB /* FBSDKCoreKit.framework in Frameworks */,
				7348C6C91E9B2D2400D54ABB /* FBSDKShareKit.framework in Frameworks */,
				7348C6C81E9B2D2400D54ABB /* FBSDKLoginKit.framework in Frameworks */,
				7348C6C61E9B2D2400D54ABB /* Bolts.framework in Frameworks */,
			);
			runOnlyForDeploymentPostprocessing = 0;
		};
/* End PBXFrameworksBuildPhase section */

/* Begin PBXGroup section */
		5AD8618F9506B58409E645EA /* Frameworks */ = {
			isa = PBXGroup;
			children = (
				7348C6C21E9B2D2400D54ABB /* Bolts.framework */,
				7348C6C31E9B2D2400D54ABB /* FBSDKCoreKit.framework */,
				7348C6C41E9B2D2400D54ABB /* FBSDKLoginKit.framework */,
				7348C6C51E9B2D2400D54ABB /* FBSDKShareKit.framework */,
				3D0B5C1D4A98B9C373BB85AA /* Pods_12AM.framework */,
			);
			name = Frameworks;
			sourceTree = "<group>";
		};
		6C149B58C750F33E62269111 /* Pods */ = {
			isa = PBXGroup;
			children = (
				3D5FC89D0967B4E10736ED7F /* Pods-12AM.debug.xcconfig */,
				91455D1C35EE249F4F19FF5E /* Pods-12AM.release.xcconfig */,
			);
			name = Pods;
			sourceTree = "<group>";
		};
		737E793B1E9B180200172355 = {
			isa = PBXGroup;
			children = (
				737E79461E9B180200172355 /* 12AM */,
				737E79451E9B180200172355 /* Products */,
				6C149B58C750F33E62269111 /* Pods */,
				5AD8618F9506B58409E645EA /* Frameworks */,
			);
			sourceTree = "<group>";
		};
		737E79451E9B180200172355 /* Products */ = {
			isa = PBXGroup;
			children = (
				737E79441E9B180200172355 /* 12AM.app */,
			);
			name = Products;
			sourceTree = "<group>";
		};
		737E79461E9B180200172355 /* 12AM */ = {
			isa = PBXGroup;
			children = (
				737E79471E9B180200172355 /* AppDelegate.swift */,
				73E901BB1E9B681600EA7E0A /* Model */,
				73E901BD1E9B683300EA7E0A /* Controllers */,
				73E901B91E9B67E000EA7E0A /* View */,
				73E901BA1E9B67F300EA7E0A /* Resources */,
				738E79021E9D46EF0072CE95 /* CloudKitManager */,
				73E901B71E9B67B400EA7E0A /* TrialAndError */,
			);
			path = 12AM;
			sourceTree = "<group>";
		};
		738E79021E9D46EF0072CE95 /* CloudKitManager */ = {
			isa = PBXGroup;
			children = (
				738E79031E9D471C0072CE95 /* CloudKitSyncable.swift */,
			);
			name = CloudKitManager;
			sourceTree = "<group>";
		};
		73E901B71E9B67B400EA7E0A /* TrialAndError */ = {
			isa = PBXGroup;
			children = (
				73E901B51E9B5BA600EA7E0A /* MockViewController.swift */,
			);
			name = TrialAndError;
			sourceTree = "<group>";
		};
		73E901B81E9B67CE00EA7E0A /* ViewController */ = {
			isa = PBXGroup;
			children = (
				73E901B31E9B55C500EA7E0A /* LoginViewController.swift */,
				C893C47B1E9C40D700185BB9 /* FeedTableViewController.swift */,
				C893C47D1E9C41B400185BB9 /* CameraViewController.swift */,
				C893C47F1E9C423B00185BB9 /* PostDetailFromCameraViewController.swift */,
				C893C4851E9D3A5000185BB9 /* PostTableViewCell.swift */,
				C893C4811E9C42FE00185BB9 /* PostDetailFromFeedViewController.swift */,
			);
			name = ViewController;
			sourceTree = "<group>";
		};
		73E901B91E9B67E000EA7E0A /* View */ = {
			isa = PBXGroup;
			children = (
				737E79501E9B180200172355 /* LaunchScreen.storyboard */,
				737E794B1E9B180200172355 /* Main.storyboard */,
				C893C46F1E9C274400185BB9 /* Login.storyboard */,
				C893C4711E9C277100185BB9 /* Feed.storyboard */,
				C893C4731E9C27E800185BB9 /* Camera.storyboard */,
			);
			name = View;
			sourceTree = "<group>";
		};
		73E901BA1E9B67F300EA7E0A /* Resources */ = {
			isa = PBXGroup;
			children = (
				737E794E1E9B180200172355 /* Assets.xcassets */,
				7348C6CA1E9B4B6600D54ABB /* Default-568h@2x.png */,
				737E79531E9B180200172355 /* Info.plist */,
			);
			name = Resources;
			sourceTree = "<group>";
		};
		73E901BB1E9B681600EA7E0A /* Model */ = {
			isa = PBXGroup;
			children = (
				013F57EB1E9D51DB00AA9CA4 /* CloudKitManager.swift */,
				013F57E91E9D51A900AA9CA4 /* User.swift */,
				738E78FE1E9D2D630072CE95 /* Post.swift */,
				738E79001E9D30220072CE95 /* Comment.swift */,
			);
			name = Model;
			sourceTree = "<group>";
		};
		73E901BC1E9B682100EA7E0A /* Model Controllers */ = {
			isa = PBXGroup;
			children = (
			);
			name = "Model Controllers";
			sourceTree = "<group>";
		};
		73E901BD1E9B683300EA7E0A /* Controllers */ = {
			isa = PBXGroup;
			children = (
				73E901B81E9B67CE00EA7E0A /* ViewController */,
				73E901BC1E9B682100EA7E0A /* Model Controllers */,
			);
			name = Controllers;
			sourceTree = "<group>";
		};
/* End PBXGroup section */

/* Begin PBXNativeTarget section */
		737E79431E9B180200172355 /* 12AM */ = {
			isa = PBXNativeTarget;
			buildConfigurationList = 737E79561E9B180200172355 /* Build configuration list for PBXNativeTarget "12AM" */;
			buildPhases = (
				80E3F82FA18DFD03C154521C /* [CP] Check Pods Manifest.lock */,
				737E79401E9B180200172355 /* Sources */,
				737E79411E9B180200172355 /* Frameworks */,
				737E79421E9B180200172355 /* Resources */,
				5C381E2E1048308B446053FA /* [CP] Embed Pods Frameworks */,
				170DAC62127C14B1532D03CF /* [CP] Copy Pods Resources */,
			);
			buildRules = (
			);
			dependencies = (
			);
			name = 12AM;
			productName = 12AM;
			productReference = 737E79441E9B180200172355 /* 12AM.app */;
			productType = "com.apple.product-type.application";
		};
/* End PBXNativeTarget section */

/* Begin PBXProject section */
		737E793C1E9B180200172355 /* Project object */ = {
			isa = PBXProject;
			attributes = {
				LastSwiftUpdateCheck = 0830;
				LastUpgradeCheck = 0830;
				ORGANIZATIONNAME = "Michael Castillo";
				TargetAttributes = {
					737E79431E9B180200172355 = {
						CreatedOnToolsVersion = 8.3;
						ProvisioningStyle = Automatic;
					};
				};
			};
			buildConfigurationList = 737E793F1E9B180200172355 /* Build configuration list for PBXProject "12AM" */;
			compatibilityVersion = "Xcode 3.2";
			developmentRegion = English;
			hasScannedForEncodings = 0;
			knownRegions = (
				en,
				Base,
			);
			mainGroup = 737E793B1E9B180200172355;
			productRefGroup = 737E79451E9B180200172355 /* Products */;
			projectDirPath = "";
			projectRoot = "";
			targets = (
				737E79431E9B180200172355 /* 12AM */,
			);
		};
/* End PBXProject section */

/* Begin PBXResourcesBuildPhase section */
		737E79421E9B180200172355 /* Resources */ = {
			isa = PBXResourcesBuildPhase;
			buildActionMask = 2147483647;
			files = (
				737E79521E9B180200172355 /* LaunchScreen.storyboard in Resources */,
				C893C4741E9C27E800185BB9 /* Camera.storyboard in Resources */,
				7348C6CB1E9B4B6600D54ABB /* Default-568h@2x.png in Resources */,
				C893C4721E9C277100185BB9 /* Feed.storyboard in Resources */,
				737E794F1E9B180200172355 /* Assets.xcassets in Resources */,
				C893C4701E9C274400185BB9 /* Login.storyboard in Resources */,
				737E794D1E9B180200172355 /* Main.storyboard in Resources */,
			);
			runOnlyForDeploymentPostprocessing = 0;
		};
/* End PBXResourcesBuildPhase section */

/* Begin PBXShellScriptBuildPhase section */
		170DAC62127C14B1532D03CF /* [CP] Copy Pods Resources */ = {
			isa = PBXShellScriptBuildPhase;
			buildActionMask = 2147483647;
			files = (
			);
			inputPaths = (
			);
			name = "[CP] Copy Pods Resources";
			outputPaths = (
			);
			runOnlyForDeploymentPostprocessing = 0;
			shellPath = /bin/sh;
			shellScript = "\"${SRCROOT}/Pods/Target Support Files/Pods-12AM/Pods-12AM-resources.sh\"\n";
			showEnvVarsInLog = 0;
		};
		5C381E2E1048308B446053FA /* [CP] Embed Pods Frameworks */ = {
			isa = PBXShellScriptBuildPhase;
			buildActionMask = 2147483647;
			files = (
			);
			inputPaths = (
			);
			name = "[CP] Embed Pods Frameworks";
			outputPaths = (
			);
			runOnlyForDeploymentPostprocessing = 0;
			shellPath = /bin/sh;
			shellScript = "\"${SRCROOT}/Pods/Target Support Files/Pods-12AM/Pods-12AM-frameworks.sh\"\n";
			showEnvVarsInLog = 0;
		};
		80E3F82FA18DFD03C154521C /* [CP] Check Pods Manifest.lock */ = {
			isa = PBXShellScriptBuildPhase;
			buildActionMask = 2147483647;
			files = (
			);
			inputPaths = (
			);
			name = "[CP] Check Pods Manifest.lock";
			outputPaths = (
			);
			runOnlyForDeploymentPostprocessing = 0;
			shellPath = /bin/sh;
			shellScript = "diff \"${PODS_ROOT}/../Podfile.lock\" \"${PODS_ROOT}/Manifest.lock\" > /dev/null\nif [ $? != 0 ] ; then\n    # print error to STDERR\n    echo \"error: The sandbox is not in sync with the Podfile.lock. Run 'pod install' or update your CocoaPods installation.\" >&2\n    exit 1\nfi\n";
			showEnvVarsInLog = 0;
		};
/* End PBXShellScriptBuildPhase section */

/* Begin PBXSourcesBuildPhase section */
		737E79401E9B180200172355 /* Sources */ = {
			isa = PBXSourcesBuildPhase;
			buildActionMask = 2147483647;
			files = (
				013F57EA1E9D51A900AA9CA4 /* User.swift in Sources */,
				738E79011E9D30220072CE95 /* Comment.swift in Sources */,
				738E79041E9D471C0072CE95 /* CloudKitSyncable.swift in Sources */,
				73E901B61E9B5BA600EA7E0A /* MockViewController.swift in Sources */,
				C893C47E1E9C41B400185BB9 /* CameraViewController.swift in Sources */,
				73E901B41E9B55C500EA7E0A /* LoginViewController.swift in Sources */,
				C893C4861E9D3A5000185BB9 /* PostTableViewCell.swift in Sources */,
				C893C4821E9C42FE00185BB9 /* PostDetailFromFeedViewController.swift in Sources */,
				737E79481E9B180200172355 /* AppDelegate.swift in Sources */,
				738E78FF1E9D2D630072CE95 /* Post.swift in Sources */,
				C893C4801E9C423B00185BB9 /* PostDetailFromCameraViewController.swift in Sources */,
				C893C47C1E9C40D700185BB9 /* FeedTableViewController.swift in Sources */,
				013F57EC1E9D51DB00AA9CA4 /* CloudKitManager.swift in Sources */,
			);
			runOnlyForDeploymentPostprocessing = 0;
		};
/* End PBXSourcesBuildPhase section */

/* Begin PBXVariantGroup section */
		737E794B1E9B180200172355 /* Main.storyboard */ = {
			isa = PBXVariantGroup;
			children = (
				737E794C1E9B180200172355 /* Base */,
			);
			name = Main.storyboard;
			sourceTree = "<group>";
		};
		737E79501E9B180200172355 /* LaunchScreen.storyboard */ = {
			isa = PBXVariantGroup;
			children = (
				737E79511E9B180200172355 /* Base */,
			);
			name = LaunchScreen.storyboard;
			sourceTree = "<group>";
		};
/* End PBXVariantGroup section */

/* Begin XCBuildConfiguration section */
		737E79541E9B180200172355 /* Debug */ = {
			isa = XCBuildConfiguration;
			buildSettings = {
				ALWAYS_SEARCH_USER_PATHS = NO;
				CLANG_ANALYZER_NONNULL = YES;
				CLANG_ANALYZER_NUMBER_OBJECT_CONVERSION = YES_AGGRESSIVE;
				CLANG_CXX_LANGUAGE_STANDARD = "gnu++0x";
				CLANG_CXX_LIBRARY = "libc++";
				CLANG_ENABLE_MODULES = YES;
				CLANG_ENABLE_OBJC_ARC = YES;
				CLANG_WARN_BOOL_CONVERSION = YES;
				CLANG_WARN_CONSTANT_CONVERSION = YES;
				CLANG_WARN_DIRECT_OBJC_ISA_USAGE = YES_ERROR;
				CLANG_WARN_DOCUMENTATION_COMMENTS = YES;
				CLANG_WARN_EMPTY_BODY = YES;
				CLANG_WARN_ENUM_CONVERSION = YES;
				CLANG_WARN_INFINITE_RECURSION = YES;
				CLANG_WARN_INT_CONVERSION = YES;
				CLANG_WARN_OBJC_ROOT_CLASS = YES_ERROR;
				CLANG_WARN_SUSPICIOUS_MOVE = YES;
				CLANG_WARN_UNREACHABLE_CODE = YES;
				CLANG_WARN__DUPLICATE_METHOD_MATCH = YES;
				"CODE_SIGN_IDENTITY[sdk=iphoneos*]" = "iPhone Developer";
				COPY_PHASE_STRIP = NO;
				DEBUG_INFORMATION_FORMAT = dwarf;
				ENABLE_STRICT_OBJC_MSGSEND = YES;
				ENABLE_TESTABILITY = YES;
				GCC_C_LANGUAGE_STANDARD = gnu99;
				GCC_DYNAMIC_NO_PIC = NO;
				GCC_NO_COMMON_BLOCKS = YES;
				GCC_OPTIMIZATION_LEVEL = 0;
				GCC_PREPROCESSOR_DEFINITIONS = (
					"DEBUG=1",
					"$(inherited)",
				);
				GCC_WARN_64_TO_32_BIT_CONVERSION = YES;
				GCC_WARN_ABOUT_RETURN_TYPE = YES_ERROR;
				GCC_WARN_UNDECLARED_SELECTOR = YES;
				GCC_WARN_UNINITIALIZED_AUTOS = YES_AGGRESSIVE;
				GCC_WARN_UNUSED_FUNCTION = YES;
				GCC_WARN_UNUSED_VARIABLE = YES;
				IPHONEOS_DEPLOYMENT_TARGET = 10.3;
				MTL_ENABLE_DEBUG_INFO = YES;
				ONLY_ACTIVE_ARCH = YES;
				SDKROOT = iphoneos;
				SWIFT_ACTIVE_COMPILATION_CONDITIONS = DEBUG;
				SWIFT_OPTIMIZATION_LEVEL = "-Onone";
				TARGETED_DEVICE_FAMILY = "1,2";
			};
			name = Debug;
		};
		737E79551E9B180200172355 /* Release */ = {
			isa = XCBuildConfiguration;
			buildSettings = {
				ALWAYS_SEARCH_USER_PATHS = NO;
				CLANG_ANALYZER_NONNULL = YES;
				CLANG_ANALYZER_NUMBER_OBJECT_CONVERSION = YES_AGGRESSIVE;
				CLANG_CXX_LANGUAGE_STANDARD = "gnu++0x";
				CLANG_CXX_LIBRARY = "libc++";
				CLANG_ENABLE_MODULES = YES;
				CLANG_ENABLE_OBJC_ARC = YES;
				CLANG_WARN_BOOL_CONVERSION = YES;
				CLANG_WARN_CONSTANT_CONVERSION = YES;
				CLANG_WARN_DIRECT_OBJC_ISA_USAGE = YES_ERROR;
				CLANG_WARN_DOCUMENTATION_COMMENTS = YES;
				CLANG_WARN_EMPTY_BODY = YES;
				CLANG_WARN_ENUM_CONVERSION = YES;
				CLANG_WARN_INFINITE_RECURSION = YES;
				CLANG_WARN_INT_CONVERSION = YES;
				CLANG_WARN_OBJC_ROOT_CLASS = YES_ERROR;
				CLANG_WARN_SUSPICIOUS_MOVE = YES;
				CLANG_WARN_UNREACHABLE_CODE = YES;
				CLANG_WARN__DUPLICATE_METHOD_MATCH = YES;
				"CODE_SIGN_IDENTITY[sdk=iphoneos*]" = "iPhone Developer";
				COPY_PHASE_STRIP = NO;
				DEBUG_INFORMATION_FORMAT = "dwarf-with-dsym";
				ENABLE_NS_ASSERTIONS = NO;
				ENABLE_STRICT_OBJC_MSGSEND = YES;
				GCC_C_LANGUAGE_STANDARD = gnu99;
				GCC_NO_COMMON_BLOCKS = YES;
				GCC_WARN_64_TO_32_BIT_CONVERSION = YES;
				GCC_WARN_ABOUT_RETURN_TYPE = YES_ERROR;
				GCC_WARN_UNDECLARED_SELECTOR = YES;
				GCC_WARN_UNINITIALIZED_AUTOS = YES_AGGRESSIVE;
				GCC_WARN_UNUSED_FUNCTION = YES;
				GCC_WARN_UNUSED_VARIABLE = YES;
				IPHONEOS_DEPLOYMENT_TARGET = 10.3;
				MTL_ENABLE_DEBUG_INFO = NO;
				SDKROOT = iphoneos;
				SWIFT_OPTIMIZATION_LEVEL = "-Owholemodule";
				TARGETED_DEVICE_FAMILY = "1,2";
				VALIDATE_PRODUCT = YES;
			};
			name = Release;
		};
		737E79571E9B180200172355 /* Debug */ = {
			isa = XCBuildConfiguration;
			baseConfigurationReference = 3D5FC89D0967B4E10736ED7F /* Pods-12AM.debug.xcconfig */;
			buildSettings = {
				ASSETCATALOG_COMPILER_APPICON_NAME = AppIcon;
				FRAMEWORK_SEARCH_PATHS = (
					"$(inherited)",
					"$(PROJECT_DIR)/FacebookSDKs-iOS-4.21.0",
				);
				INFOPLIST_FILE = 12AM/Info.plist;
				LD_RUNPATH_SEARCH_PATHS = "$(inherited) @executable_path/Frameworks";
				PRODUCT_BUNDLE_IDENTIFIER = "com.mikeC.-2AM";
				PRODUCT_NAME = "$(TARGET_NAME)";
				SWIFT_VERSION = 3.0;
			};
			name = Debug;
		};
		737E79581E9B180200172355 /* Release */ = {
			isa = XCBuildConfiguration;
			baseConfigurationReference = 91455D1C35EE249F4F19FF5E /* Pods-12AM.release.xcconfig */;
			buildSettings = {
				ASSETCATALOG_COMPILER_APPICON_NAME = AppIcon;
				FRAMEWORK_SEARCH_PATHS = (
					"$(inherited)",
					"$(PROJECT_DIR)/FacebookSDKs-iOS-4.21.0",
				);
				INFOPLIST_FILE = 12AM/Info.plist;
				LD_RUNPATH_SEARCH_PATHS = "$(inherited) @executable_path/Frameworks";
				PRODUCT_BUNDLE_IDENTIFIER = "com.mikeC.-2AM";
				PRODUCT_NAME = "$(TARGET_NAME)";
				SWIFT_VERSION = 3.0;
			};
			name = Release;
		};
/* End XCBuildConfiguration section */

/* Begin XCConfigurationList section */
		737E793F1E9B180200172355 /* Build configuration list for PBXProject "12AM" */ = {
			isa = XCConfigurationList;
			buildConfigurations = (
				737E79541E9B180200172355 /* Debug */,
				737E79551E9B180200172355 /* Release */,
			);
			defaultConfigurationIsVisible = 0;
			defaultConfigurationName = Release;
		};
		737E79561E9B180200172355 /* Build configuration list for PBXNativeTarget "12AM" */ = {
			isa = XCConfigurationList;
			buildConfigurations = (
				737E79571E9B180200172355 /* Debug */,
				737E79581E9B180200172355 /* Release */,
			);
			defaultConfigurationIsVisible = 0;
			defaultConfigurationName = Release;
		};
/* End XCConfigurationList section */
	};
	rootObject = 737E793C1E9B180200172355 /* Project object */;
}
